
Microsoft Visual Studio Solution File, Format Version 12.00
Project("{FAE04EC0-301F-11D3-BF4B-00C04F79EFBC}") = "csharpthread", "csharpthread\csharpthread.csproj", "{D32FE553-67DD-40A3-98E0-CC0E78309C08}"
EndProject
Global
	GlobalSection(SolutionConfigurationPlatforms) = preSolution
		Debug|Any CPU = Debug|Any CPU
		Release|Any CPU = Release|Any CPU
	EndGlobalSection
	GlobalSection(ProjectConfigurationPlatforms) = postSolution
		{D32FE553-67DD-40A3-98E0-CC0E78309C08}.Debug|Any CPU.ActiveCfg = Debug|Any CPU
		{D32FE553-67DD-40A3-98E0-CC0E78309C08}.Debug|Any CPU.Build.0 = Debug|Any CPU
		{D32FE553-67DD-40A3-98E0-CC0E78309C08}.Release|Any CPU.ActiveCfg = Release|Any CPU
		{D32FE553-67DD-40A3-98E0-CC0E78309C08}.Release|Any CPU.Build.0 = Release|Any CPU
	EndGlobalSection
EndGlobal
